
Microsoft Visual Studio Solution File, Format Version 12.00
# Visual Studio Version 16
VisualStudioVersion = 16.0.32802.440
MinimumVisualStudioVersion = 10.0.40219.1
Project("{9A19103F-16F7-4668-BE54-9A1E7A4F7556}") = "DAL", "DAL\DAL.csproj", "{320025CA-DDBD-4262-94A3-55499E9EC283}"
EndProject
Project("{9A19103F-16F7-4668-BE54-9A1E7A4F7556}") = "BUS", "BUS\BUS.csproj", "{18F59E12-4C4B-418C-B928-6417A9C8A7D7}"
EndProject
Project("{9A19103F-16F7-4668-BE54-9A1E7A4F7556}") = "DTO", "DTO\DTO.csproj", "{3DD27FA6-4F0D-4037-B46E-BB5833EA2745}"
EndProject
Project("{9A19103F-16F7-4668-BE54-9A1E7A4F7556}") = "Controller", "Controller\Controller.csproj", "{D0520204-436C-4CB5-A977-F94313BF9B01}"
EndProject
Project("{FAE04EC0-301F-11D3-BF4B-00C04F79EFBC}") = "Util", "Util\Util.csproj", "{72A2D532-C258-46E8-868C-B258198A3691}"
EndProject
Global
	GlobalSection(SolutionConfigurationPlatforms) = preSolution
		Debug|Any CPU = Debug|Any CPU
		Release|Any CPU = Release|Any CPU
	EndGlobalSection
	GlobalSection(ProjectConfigurationPlatforms) = postSolution
		{320025CA-DDBD-4262-94A3-55499E9EC283}.Debug|Any CPU.ActiveCfg = Debug|Any CPU
		{320025CA-DDBD-4262-94A3-55499E9EC283}.Debug|Any CPU.Build.0 = Debug|Any CPU
		{320025CA-DDBD-4262-94A3-55499E9EC283}.Release|Any CPU.ActiveCfg = Release|Any CPU
		{320025CA-DDBD-4262-94A3-55499E9EC283}.Release|Any CPU.Build.0 = Release|Any CPU
		{18F59E12-4C4B-418C-B928-6417A9C8A7D7}.Debug|Any CPU.ActiveCfg = Debug|Any CPU
		{18F59E12-4C4B-418C-B928-6417A9C8A7D7}.Debug|Any CPU.Build.0 = Debug|Any CPU
		{18F59E12-4C4B-418C-B928-6417A9C8A7D7}.Release|Any CPU.ActiveCfg = Release|Any CPU
		{18F59E12-4C4B-418C-B928-6417A9C8A7D7}.Release|Any CPU.Build.0 = Release|Any CPU
		{3DD27FA6-4F0D-4037-B46E-BB5833EA2745}.Debug|Any CPU.ActiveCfg = Debug|Any CPU
		{3DD27FA6-4F0D-4037-B46E-BB5833EA2745}.Debug|Any CPU.Build.0 = Debug|Any CPU
		{3DD27FA6-4F0D-4037-B46E-BB5833EA2745}.Release|Any CPU.ActiveCfg = Release|Any CPU
		{3DD27FA6-4F0D-4037-B46E-BB5833EA2745}.Release|Any CPU.Build.0 = Release|Any CPU
		{D0520204-436C-4CB5-A977-F94313BF9B01}.Debug|Any CPU.ActiveCfg = Debug|Any CPU
		{D0520204-436C-4CB5-A977-F94313BF9B01}.Debug|Any CPU.Build.0 = Debug|Any CPU
		{D0520204-436C-4CB5-A977-F94313BF9B01}.Release|Any CPU.ActiveCfg = Release|Any CPU
		{D0520204-436C-4CB5-A977-F94313BF9B01}.Release|Any CPU.Build.0 = Release|Any CPU
		{72A2D532-C258-46E8-868C-B258198A3691}.Debug|Any CPU.ActiveCfg = Debug|Any CPU
		{72A2D532-C258-46E8-868C-B258198A3691}.Debug|Any CPU.Build.0 = Debug|Any CPU
		{72A2D532-C258-46E8-868C-B258198A3691}.Release|Any CPU.ActiveCfg = Release|Any CPU
		{72A2D532-C258-46E8-868C-B258198A3691}.Release|Any CPU.Build.0 = Release|Any CPU
	EndGlobalSection
	GlobalSection(SolutionProperties) = preSolution
		HideSolutionNode = FALSE
	EndGlobalSection
	GlobalSection(ExtensibilityGlobals) = postSolution
		SolutionGuid = {E7E104B3-95F4-4966-9AEA-86F28D4FD91A}
	EndGlobalSection
EndGlobal
